# This file is autogenerated, do not edit; changes may be undone by the next 'dep ensure'.


[[projects]]
  branch = "master"
  name = "github.com/beorn7/perks"
  packages = ["quantile"]
  revision = "3a771d992973f24aa725d07868b467d1ddfceafb"

[[projects]]
  name = "github.com/carlosdp/twiliogo"
  packages = ["."]
  revision = "f61c8230fa91b87ca5c16a21a661861208749dfe"
  version = "v0.1"

[[projects]]
  name = "github.com/davecgh/go-spew"
  packages = ["spew"]
  revision = "346938d642f2ec3594ed81d874461961cd0faa76"
  version = "v1.1.0"

[[projects]]
  name = "github.com/golang/protobuf"
  packages = ["proto"]
  revision = "b4deda0973fb4c70b50d226b1af49f3da59f5265"
  version = "v1.1.0"

[[projects]]
  name = "github.com/matttproud/golang_protobuf_extensions"
  packages = ["pbutil"]
  revision = "3247c84500bff8d9fb6d579d800f20b3e091582c"
  version = "v1.0.0"

[[projects]]
  branch = "master"
  name = "github.com/messagebird/go-rest-api"
  packages = ["."]
  revision = "a9514230491e7db6adaa58162cce34a5df987fd4"

[[projects]]
  name = "github.com/pmezard/go-difflib"
  packages = ["difflib"]
  revision = "792786c7400a136282c1664665ae0a8db921c6c2"
  version = "v1.0.0"

[[projects]]
  name = "github.com/prometheus/alertmanager"
  packages = [
    "template",
    "template/internal/deftmpl",
    "types"
  ]
  revision = "30af4d051b37ce817ea7e35b56c57a0e2ec9dbb0"
  version = "v0.14.0"

[[projects]]
  name = "github.com/prometheus/client_golang"
  packages = ["prometheus"]
  revision = "c5b7fccd204277076155f10851dad72b76a49317"
  version = "v0.8.0"

[[projects]]
  branch = "master"
  name = "github.com/prometheus/client_model"
  packages = ["go"]
  revision = "99fa1f4be8e564e8a6b613da7fa6f46c9edafc6c"

[[projects]]
  branch = "master"
  name = "github.com/prometheus/common"
  packages = [
    "expfmt",
    "internal/bitbucket.org/ww/goautoneg",
    "model"
  ]
  revision = "d811d2e9bf898806ecfb6ef6296774b13ffc314c"

[[projects]]
  branch = "master"
  name = "github.com/prometheus/procfs"
  packages = [
    ".",
    "internal/util",
    "nfs",
    "xfs"
  ]
  revision = "8b1c2da0d56deffdbb9e48d4414b4e674bd8083e"

[[projects]]
  name = "github.com/stretchr/objx"
  packages = ["."]
  revision = "facf9a85c22f48d2f52f2380e4efce1768749a89"
  version = "v0.1"

[[projects]]
  name = "github.com/stretchr/testify"
  packages = [
    "assert",
    "mock"
  ]
  revision = "12b6f73e6084dad08a7c6e575284b177ecafbc71"
  version = "v1.2.1"

[[projects]]
  name = "github.com/technoweenie/multipartstreamer"
  packages = ["."]
  revision = "a90a01d73ae432e2611d178c18367fbaa13e0154"
  version = "v1.0.1"

[[projects]]
  name = "gopkg.in/njern/gonexmo.v1"
  packages = ["."]
  revision = "c83191e580d14eb435e39f0317a89c6912b094a4"
  version = "v1.0.1"

[[projects]]
  name = "gopkg.in/telegram-bot-api.v4"
  packages = ["."]
  revision = "0e0af0c480ea98e982d5f4d45fb39577c6ab1e3e"
  version = "v4.6.2"

[[projects]]
  name = "gopkg.in/yaml.v2"
  packages = ["."]
  revision = "5420a8b6744d3b0345ab293f6fcba19c978f1183"
  version = "v2.2.1"

[solve-meta]
  analyzer-name = "dep"
  analyzer-version = 1
  inputs-digest = "5f8fe62dbc923ac817a9bbbb22dad207fce7420d6a8d36a73c5f4e6c83232d47"
  solver-name = "gps-cdcl"
  solver-version = 1
